<?xml version="1.0" encoding="utf-8"?>
<Project ToolsVersion="4.0" xmlns="http://schemas.microsoft.com/developer/msbuild/2003">
  <ItemGroup>
    <Filter Include="Source Files">
      <UniqueIdentifier>{4FC737F1-C7A5-4376-A066-2A32D752A2FF}</UniqueIdentifier>
      <Extensions>cpp;c;cc;cxx;c++;cppm;ixx;def;odl;idl;hpj;bat;asm;asmx</Extensions>
    </Filter>
    <Filter Include="Header Files">
      <UniqueIdentifier>{93995380-89BD-4b04-88EB-625FBE52EBFB}</UniqueIdentifier>
      <Extensions>h;hh;hpp;hxx;h++;hm;inl;inc;ipp;xsd</Extensions>
    </Filter>
    <Filter Include="Resource Files">
      <UniqueIdentifier>{67DA6AB6-F800-4c08-8B7A-83BB121AAD01}</UniqueIdentifier>
      <Extensions>rc;ico;cur;bmp;dlg;rc2;rct;bin;rgs;gif;jpg;jpeg;jpe;resx;tiff;tif;png;wav;mfcribbon-ms</Extensions>
    </Filter>
    <Filter Include="Proto">
      <UniqueIdentifier>{27d4e6af-1ab3-4c0d-aa92-2294c3fba311}</UniqueIdentifier>
    </Filter>
    <Filter Include="Resource Files\imgui">
      <UniqueIdentifier>{69b0341e-364f-439c-bb0b-3ee819b21177}</UniqueIdentifier>
    </Filter>
    <Filter Include="Threading">
      <UniqueIdentifier>{c1760706-5b51-4bfd-827a-087430710002}</UniqueIdentifier>
    </Filter>
    <Filter Include="Scene">
      <UniqueIdentifier>{66d4fec3-0494-4f65-bb1e-ed7e34bf0fc8}</UniqueIdentifier>
    </Filter>
    <Filter Include="Utils">
      <UniqueIdentifier>{6492a5bb-5cdb-4221-a8f5-c85ada3d00d1}</UniqueIdentifier>
    </Filter>
  </ItemGroup>
  <ItemGroup>
    <ClCompile Include="main.cpp">
      <Filter>Source Files</Filter>
    </ClCompile>
    <ClCompile Include="glad.c">
      <Filter>Source Files</Filter>
    </ClCompile>
    <ClCompile Include="Model\Model.cpp">
      <Filter>Source Files</Filter>
    </ClCompile>
    <ClCompile Include="Camera\SceneCamera.cpp">
      <Filter>Source Files</Filter>
    </ClCompile>
    <ClCompile Include="Shaders\Shader.cpp">
      <Filter>Source Files</Filter>
    </ClCompile>
    <ClCompile Include="Proto\model.grpc.pb.cc">
      <Filter>Proto</Filter>
    </ClCompile>
    <ClCompile Include="Proto\model.pb.cc">
      <Filter>Proto</Filter>
    </ClCompile>
    <ClCompile Include="Proto\transformtex.grpc.pb.cc">
      <Filter>Proto</Filter>
    </ClCompile>
    <ClCompile Include="Proto\transformtex.pb.cc">
      <Filter>Proto</Filter>
    </ClCompile>
    <ClCompile Include="Proto\scene.grpc.pb.cc">
      <Filter>Proto</Filter>
    </ClCompile>
    <ClCompile Include="Proto\scene.pb.cc">
      <Filter>Proto</Filter>
    </ClCompile>
    <ClCompile Include="Imgui\imgui_impl_glfw.cpp">
      <Filter>Resource Files\imgui</Filter>
    </ClCompile>
    <ClCompile Include="Imgui\imgui_impl_opengl3.cpp">
      <Filter>Resource Files\imgui</Filter>
    </ClCompile>
    <ClCompile Include="Threading\BusyWaitSemaphore.cpp">
      <Filter>Threading</Filter>
    </ClCompile>
    <ClCompile Include="Threading\HelloWorldThread.cpp">
      <Filter>Threading</Filter>
    </ClCompile>
    <ClCompile Include="Threading\IETSemaphore.cpp">
      <Filter>Threading</Filter>
    </ClCompile>
    <ClCompile Include="Threading\IETThread.cpp">
      <Filter>Threading</Filter>
    </ClCompile>
    <ClCompile Include="Threading\IExecutionEvent.cpp">
      <Filter>Threading</Filter>
    </ClCompile>
    <ClCompile Include="Threading\PoolWorkerThread.cpp">
      <Filter>Threading</Filter>
    </ClCompile>
    <ClCompile Include="Threading\SceneLoader.cpp">
      <Filter>Threading</Filter>
    </ClCompile>
    <ClCompile Include="Threading\StreamAssetLoader.cpp">
      <Filter>Threading</Filter>
    </ClCompile>
    <ClCompile Include="Threading\ThreadPool.cpp">
      <Filter>Threading</Filter>
    </ClCompile>
    <ClCompile Include="Scene\Scene.cpp">
      <Filter>Scene</Filter>
    </ClCompile>
    <ClCompile Include="Scene\SceneManager.cpp">
      <Filter>Scene</Filter>
    </ClCompile>
    <ClCompile Include="Utils\MathUtils.cpp">
      <Filter>Utils</Filter>
    </ClCompile>
    <ClCompile Include="Utils\StringUtils.cpp">
      <Filter>Utils</Filter>
    </ClCompile>
    <ClCompile Include="Model\ModelManager.cpp">
      <Filter>Source Files</Filter>
    </ClCompile>
    <ClCompile Include="Model\FPSCounter.cpp">
      <Filter>Source Files</Filter>
    </ClCompile>
    <ClCompile Include="Viewer.cpp">
      <Filter>Source Files</Filter>
    </ClCompile>
  </ItemGroup>
  <ItemGroup>
    <ClInclude Include="MainInclude.hpp">
      <Filter>Header Files</Filter>
    </ClInclude>
    <ClInclude Include="tiny_obj_loader.h">
      <Filter>Header Files</Filter>
    </ClInclude>
    <ClInclude Include="Model\Model.hpp">
      <Filter>Header Files</Filter>
    </ClInclude>
    <ClInclude Include="Camera\SceneCamera.hpp">
      <Filter>Header Files</Filter>
    </ClInclude>
    <ClInclude Include="stb_image.h">
      <Filter>Header Files</Filter>
    </ClInclude>
    <ClInclude Include="Shaders\Shader.hpp">
      <Filter>Header Files</Filter>
    </ClInclude>
    <ClInclude Include="Proto\model.grpc.pb.h">
      <Filter>Proto</Filter>
    </ClInclude>
    <ClInclude Include="Proto\model.pb.h">
      <Filter>Proto</Filter>
    </ClInclude>
    <ClInclude Include="Proto\transformtex.grpc.pb.h">
      <Filter>Proto</Filter>
    </ClInclude>
    <ClInclude Include="Proto\transformtex.pb.h">
      <Filter>Proto</Filter>
    </ClInclude>
    <ClInclude Include="Proto\scene.grpc.pb.h">
      <Filter>Proto</Filter>
    </ClInclude>
    <ClInclude Include="Proto\scene.pb.h">
      <Filter>Proto</Filter>
    </ClInclude>
    <ClInclude Include="Imgui\imgui_impl_glfw.h">
      <Filter>Resource Files\imgui</Filter>
    </ClInclude>
    <ClInclude Include="Imgui\imgui_impl_opengl3.h">
      <Filter>Resource Files\imgui</Filter>
    </ClInclude>
    <ClInclude Include="Threading\BusyWaitSemaphore.h">
      <Filter>Threading</Filter>
    </ClInclude>
    <ClInclude Include="Threading\HelloWorldThread.h">
      <Filter>Threading</Filter>
    </ClInclude>
    <ClInclude Include="Threading\IETSemaphore.h">
      <Filter>Threading</Filter>
    </ClInclude>
    <ClInclude Include="Threading\IETThread.h">
      <Filter>Threading</Filter>
    </ClInclude>
    <ClInclude Include="Threading\IExecutionEvent.h">
      <Filter>Threading</Filter>
    </ClInclude>
    <ClInclude Include="Threading\IWorkerAction.h">
      <Filter>Threading</Filter>
    </ClInclude>
    <ClInclude Include="Threading\PoolWorkerThread.h">
      <Filter>Threading</Filter>
    </ClInclude>
    <ClInclude Include="Threading\SceneLoader.h">
      <Filter>Threading</Filter>
    </ClInclude>
    <ClInclude Include="Threading\StreamAssetLoader.h">
      <Filter>Threading</Filter>
    </ClInclude>
    <ClInclude Include="Threading\ThreadPool.h">
      <Filter>Threading</Filter>
    </ClInclude>
    <ClInclude Include="Scene\Scene.h">
      <Filter>Scene</Filter>
    </ClInclude>
    <ClInclude Include="Scene\SceneManager.h">
      <Filter>Scene</Filter>
    </ClInclude>
    <ClInclude Include="Utils\MathUtils.h">
      <Filter>Utils</Filter>
    </ClInclude>
    <ClInclude Include="Utils\StringUtils.h">
      <Filter>Utils</Filter>
    </ClInclude>
    <ClInclude Include="Model\ModelManager.h">
      <Filter>Header Files</Filter>
    </ClInclude>
    <ClInclude Include="Model\FPSCounter.h">
      <Filter>Header Files</Filter>
    </ClInclude>
    <ClInclude Include="Viewer.h">
      <Filter>Header Files</Filter>
    </ClInclude>
  </ItemGroup>
  <ItemGroup>
    <None Include="Proto\proto_compile.sh">
      <Filter>Proto</Filter>
    </None>
    <None Include="Proto\model.proto">
      <Filter>Proto</Filter>
    </None>
    <None Include="Proto\scene.proto">
      <Filter>Proto</Filter>
    </None>
    <None Include="Proto\transformtex.proto">
      <Filter>Proto</Filter>
    </None>
  </ItemGroup>
</Project>