<?xml version="1.0" encoding="utf-8"?>
<Project ToolsVersion="4.0" xmlns="http://schemas.microsoft.com/developer/msbuild/2003">
  <ItemGroup>
    <Filter Include="Source Files">
      <UniqueIdentifier>{4FC737F1-C7A5-4376-A066-2A32D752A2FF}</UniqueIdentifier>
      <Extensions>cpp;c;cc;cxx;c++;cppm;ixx;def;odl;idl;hpj;bat;asm;asmx</Extensions>
    </Filter>
    <Filter Include="Header Files">
      <UniqueIdentifier>{93995380-89BD-4b04-88EB-625FBE52EBFB}</UniqueIdentifier>
      <Extensions>h;hh;hpp;hxx;h++;hm;inl;inc;ipp;xsd</Extensions>
    </Filter>
    <Filter Include="Resource Files">
      <UniqueIdentifier>{67DA6AB6-F800-4c08-8B7A-83BB121AAD01}</UniqueIdentifier>
      <Extensions>rc;ico;cur;bmp;dlg;rc2;rct;bin;rgs;gif;jpg;jpeg;jpe;resx;tiff;tif;png;wav;mfcribbon-ms</Extensions>
    </Filter>
    <Filter Include="Proto">
      <UniqueIdentifier>{27d4e6af-1ab3-4c0d-aa92-2294c3fba311}</UniqueIdentifier>
    </Filter>
  </ItemGroup>
  <ItemGroup>
    <ClCompile Include="main.cpp">
      <Filter>Source Files</Filter>
    </ClCompile>
    <ClCompile Include="glad.c">
      <Filter>Source Files</Filter>
    </ClCompile>
    <ClCompile Include="Model\Model.cpp">
      <Filter>Source Files</Filter>
    </ClCompile>
    <ClCompile Include="Camera\MyCamera.cpp">
      <Filter>Source Files</Filter>
    </ClCompile>
    <ClCompile Include="Camera\OrthoCamera.cpp">
      <Filter>Source Files</Filter>
    </ClCompile>
    <ClCompile Include="Camera\PerspectiveCamera.cpp">
      <Filter>Source Files</Filter>
    </ClCompile>
    <ClCompile Include="Light\DirectionLight.cpp">
      <Filter>Source Files</Filter>
    </ClCompile>
    <ClCompile Include="Light\Light.cpp">
      <Filter>Source Files</Filter>
    </ClCompile>
    <ClCompile Include="Light\PointLight.cpp">
      <Filter>Source Files</Filter>
    </ClCompile>
    <ClCompile Include="Shaders\Shader.cpp">
      <Filter>Source Files</Filter>
    </ClCompile>
    <ClCompile Include="Model\Skybox.cpp">
      <Filter>Source Files</Filter>
    </ClCompile>
    <ClCompile Include="Player\Player.cpp">
      <Filter>Source Files</Filter>
    </ClCompile>
    <ClCompile Include="Proto\model.grpc.pb.cc">
      <Filter>Proto</Filter>
    </ClCompile>
    <ClCompile Include="Proto\model.pb.cc">
      <Filter>Proto</Filter>
    </ClCompile>
    <ClCompile Include="Proto\transformtex.grpc.pb.cc">
      <Filter>Proto</Filter>
    </ClCompile>
    <ClCompile Include="Proto\transformtex.pb.cc">
      <Filter>Proto</Filter>
    </ClCompile>
    <ClCompile Include="Proto\scene.grpc.pb.cc">
      <Filter>Proto</Filter>
    </ClCompile>
    <ClCompile Include="Proto\scene.pb.cc">
      <Filter>Proto</Filter>
    </ClCompile>
  </ItemGroup>
  <ItemGroup>
    <ClInclude Include="MainInclude.hpp">
      <Filter>Header Files</Filter>
    </ClInclude>
    <ClInclude Include="tiny_obj_loader.h">
      <Filter>Header Files</Filter>
    </ClInclude>
    <ClInclude Include="Model\Model.hpp">
      <Filter>Header Files</Filter>
    </ClInclude>
    <ClInclude Include="Camera\MyCamera.hpp">
      <Filter>Header Files</Filter>
    </ClInclude>
    <ClInclude Include="Camera\OrthoCamera.hpp">
      <Filter>Header Files</Filter>
    </ClInclude>
    <ClInclude Include="Camera\PerspectiveCamera.hpp">
      <Filter>Header Files</Filter>
    </ClInclude>
    <ClInclude Include="Light\DirectionLight.hpp">
      <Filter>Header Files</Filter>
    </ClInclude>
    <ClInclude Include="Light\Light.hpp">
      <Filter>Header Files</Filter>
    </ClInclude>
    <ClInclude Include="Light\PointLight.hpp">
      <Filter>Header Files</Filter>
    </ClInclude>
    <ClInclude Include="stb_image.h">
      <Filter>Header Files</Filter>
    </ClInclude>
    <ClInclude Include="Shaders\Shader.hpp">
      <Filter>Header Files</Filter>
    </ClInclude>
    <ClInclude Include="Model\Skybox.hpp">
      <Filter>Header Files</Filter>
    </ClInclude>
    <ClInclude Include="Player\Player.hpp">
      <Filter>Header Files</Filter>
    </ClInclude>
    <ClInclude Include="Proto\model.grpc.pb.h">
      <Filter>Proto</Filter>
    </ClInclude>
    <ClInclude Include="Proto\model.pb.h">
      <Filter>Proto</Filter>
    </ClInclude>
    <ClInclude Include="Proto\transformtex.grpc.pb.h">
      <Filter>Proto</Filter>
    </ClInclude>
    <ClInclude Include="Proto\transformtex.pb.h">
      <Filter>Proto</Filter>
    </ClInclude>
    <ClInclude Include="Proto\scene.grpc.pb.h">
      <Filter>Proto</Filter>
    </ClInclude>
    <ClInclude Include="Proto\scene.pb.h">
      <Filter>Proto</Filter>
    </ClInclude>
  </ItemGroup>
  <ItemGroup>
    <None Include="Proto\proto_compile.sh">
      <Filter>Proto</Filter>
    </None>
    <None Include="Proto\model.proto">
      <Filter>Proto</Filter>
    </None>
    <None Include="Proto\scene.proto">
      <Filter>Proto</Filter>
    </None>
    <None Include="Proto\transformtex.proto">
      <Filter>Proto</Filter>
    </None>
  </ItemGroup>
</Project>